PODS:
  - glog (0.3.5)

DEPENDENCIES:
  - glog (from `../node_modules/react-native/third-party-podspecs/glog.podspec`)

EXTERNAL SOURCES:
  glog:
    :podspec: "../node_modules/react-native/third-party-podspecs/glog.podspec"

SPEC CHECKSUMS:
  glog: 1f3da668190260b06b429bb211bfbee5cd790c28

PODFILE CHECKSUM: 039b10f3aa45fb479003f5b896086a826f22bd66

COCOAPODS: 1.8.4
