PODS:
  - glog (0.3.5)

DEPENDENCIES:
  - glog (from `../node_modules/react-native/third-party-podspecs/glog.podspec`)

EXTERNAL SOURCES:
  glog:
    :podspec: "../node_modules/react-native/third-party-podspecs/glog.podspec"

SPEC CHECKSUMS:
  glog: 1f3da668190260b06b429bb211bfbee5cd790c28

PODFILE CHECKSUM: 11605c1fb9303095057aad4961e46b3f433a331f

COCOAPODS: 1.8.4
